
Microsoft Visual Studio Solution File, Format Version 12.00
# Visual Studio Version 17
VisualStudioVersion = 17.14.36109.1 d17.14
MinimumVisualStudioVersion = 10.0.40219.1
Project("{FAE04EC0-301F-11D3-BF4B-00C04F79EFBC}") = "Lesson_11", "Lesson_11\Lesson_11.csproj", "{0EFA2921-CA56-4F0A-A318-A69E83CD5EDA}"
EndProject
Global
	GlobalSection(SolutionConfigurationPlatforms) = preSolution
		Debug|Any CPU = Debug|Any CPU
		Release|Any CPU = Release|Any CPU
	EndGlobalSection
	GlobalSection(ProjectConfigurationPlatforms) = postSolution
		{0EFA2921-CA56-4F0A-A318-A69E83CD5EDA}.Debug|Any CPU.ActiveCfg = Debug|Any CPU
		{0EFA2921-CA56-4F0A-A318-A69E83CD5EDA}.Debug|Any CPU.Build.0 = Debug|Any CPU
		{0EFA2921-CA56-4F0A-A318-A69E83CD5EDA}.Release|Any CPU.ActiveCfg = Release|Any CPU
		{0EFA2921-CA56-4F0A-A318-A69E83CD5EDA}.Release|Any CPU.Build.0 = Release|Any CPU
	EndGlobalSection
	GlobalSection(SolutionProperties) = preSolution
		HideSolutionNode = FALSE
	EndGlobalSection
	GlobalSection(ExtensibilityGlobals) = postSolution
		SolutionGuid = {5567E9DF-5BFE-48A5-8735-61A24AD4BF71}
	EndGlobalSection
EndGlobal
